{
  "name": "alpha",
  "version": "1.0.0",
  "lockfileVersion": 1,
  "requires": true,
  "dependencies": {
    "athom-api": {
      "version": "2.1.175",
      "resolved": "https://registry.npmjs.org/athom-api/-/athom-api-2.1.175.tgz",
      "integrity": "sha512-B4bjQ9LbELud8mPLKSTKyobDv1XF5f8XPP28CKqpGiMD9GKIDEL6DZD+Uktx4NQfwIjCwtFDiVvIVRKdSYWFOQ=="
    }
  }
}
